
Microsoft Visual Studio Solution File, Format Version 12.00
# Visual Studio Version 16
VisualStudioVersion = 16.0.31729.503
MinimumVisualStudioVersion = 10.0.40219.1
Project("{FAE04EC0-301F-11D3-BF4B-00C04F79EFBC}") = "TeamCollaborationApp", "TeamCollaborationApp\TeamCollaborationApp.csproj", "{765AEB57-87AE-4D8B-9C2A-FA8294ED8935}"
EndProject
Global
	GlobalSection(SolutionConfigurationPlatforms) = preSolution
		Debug|Any CPU = Debug|Any CPU
		Release|Any CPU = Release|Any CPU
	EndGlobalSection
	GlobalSection(ProjectConfigurationPlatforms) = postSolution
		{765AEB57-87AE-4D8B-9C2A-FA8294ED8935}.Debug|Any CPU.ActiveCfg = Debug|Any CPU
		{765AEB57-87AE-4D8B-9C2A-FA8294ED8935}.Debug|Any CPU.Build.0 = Debug|Any CPU
		{765AEB57-87AE-4D8B-9C2A-FA8294ED8935}.Release|Any CPU.ActiveCfg = Release|Any CPU
		{765AEB57-87AE-4D8B-9C2A-FA8294ED8935}.Release|Any CPU.Build.0 = Release|Any CPU
	EndGlobalSection
	GlobalSection(SolutionProperties) = preSolution
		HideSolutionNode = FALSE
	EndGlobalSection
	GlobalSection(ExtensibilityGlobals) = postSolution
		SolutionGuid = {EE5143AF-6543-4093-9DBD-617F8FA5185A}
	EndGlobalSection
EndGlobal
